%{"descriptive_statistics": {:git, "git://github.com/pusewicz/descriptive_statistics.git", "8dcbc71f698a69bc5986e3456342a3f5ca38778e", []},
  "httpotion": {:git, "git://github.com/myfreeweb/httpotion.git", "1a7d8ac3d5f7c2da5d48496acf3adfc9f73fcc69", []},
  "ibrowse": {:git, "git://github.com/cmullaparthi/ibrowse.git", "7871e2ebe8811efb64e1917e2de455fa87e8dfe3", [tag: "v4.1.0"]}}
